
Microsoft Visual Studio Solution File, Format Version 12.00
# Visual Studio Version 16
VisualStudioVersion = 16.0.31515.178
MinimumVisualStudioVersion = 10.0.40219.1
Project("{FAE04EC0-301F-11D3-BF4B-00C04F79EFBC}") = "The Key of Teyvat", "The Key of Teyvat\The Key of Teyvat.csproj", "{1639DC4E-A22A-44D7-B4DC-BB2918BAD0F2}"
EndProject
Global
	GlobalSection(SolutionConfigurationPlatforms) = preSolution
		Debug|Any CPU = Debug|Any CPU
		Release|Any CPU = Release|Any CPU
	EndGlobalSection
	GlobalSection(ProjectConfigurationPlatforms) = postSolution
		{1639DC4E-A22A-44D7-B4DC-BB2918BAD0F2}.Debug|Any CPU.ActiveCfg = Debug|Any CPU
		{1639DC4E-A22A-44D7-B4DC-BB2918BAD0F2}.Debug|Any CPU.Build.0 = Debug|Any CPU
		{1639DC4E-A22A-44D7-B4DC-BB2918BAD0F2}.Release|Any CPU.ActiveCfg = Release|Any CPU
		{1639DC4E-A22A-44D7-B4DC-BB2918BAD0F2}.Release|Any CPU.Build.0 = Release|Any CPU
	EndGlobalSection
	GlobalSection(SolutionProperties) = preSolution
		HideSolutionNode = FALSE
	EndGlobalSection
	GlobalSection(ExtensibilityGlobals) = postSolution
		SolutionGuid = {C67C3679-C619-4769-836A-FE4D9802E2A1}
	EndGlobalSection
EndGlobal
